
Microsoft Visual Studio Solution File, Format Version 12.00
# Visual Studio Version 17
VisualStudioVersion = 17.3.32922.545
MinimumVisualStudioVersion = 10.0.40219.1
Project("{9A19103F-16F7-4668-BE54-9A1E7A4F7556}") = "Rosyln-Analysis", "CSHARP-Analyzer\Rosyln-Analysis.csproj", "{94D661AE-EC63-4345-BEBE-18741BCAE44B}"
EndProject
Global
	GlobalSection(SolutionConfigurationPlatforms) = preSolution
		Debug|Any CPU = Debug|Any CPU
		Release|Any CPU = Release|Any CPU
	EndGlobalSection
	GlobalSection(ProjectConfigurationPlatforms) = postSolution
		{94D661AE-EC63-4345-BEBE-18741BCAE44B}.Debug|Any CPU.ActiveCfg = Debug|Any CPU
		{94D661AE-EC63-4345-BEBE-18741BCAE44B}.Debug|Any CPU.Build.0 = Debug|Any CPU
		{94D661AE-EC63-4345-BEBE-18741BCAE44B}.Release|Any CPU.ActiveCfg = Release|Any CPU
		{94D661AE-EC63-4345-BEBE-18741BCAE44B}.Release|Any CPU.Build.0 = Release|Any CPU
	EndGlobalSection
	GlobalSection(SolutionProperties) = preSolution
		HideSolutionNode = FALSE
	EndGlobalSection
	GlobalSection(ExtensibilityGlobals) = postSolution
		SolutionGuid = {C1B3D36C-5E6C-48BA-8463-04B7C6040FCC}
	EndGlobalSection
EndGlobal
